
Microsoft Visual Studio Solution File, Format Version 12.00
# Visual Studio Version 16
VisualStudioVersion = 25.0.1705.1
MinimumVisualStudioVersion = 10.0.40219.1
Project("{FAE04EC0-301F-11D3-BF4B-00C04F79EFBC}") = "EmployeeNetCoreApp", "EmployeeNetCoreApp\EmployeeNetCoreApp.csproj", "{C0EB62FD-3D46-4949-9EB8-E7D5BAB8C9C2}"
EndProject
Project("{2150E333-8FDC-42A3-9474-1A3956D46DE8}") = "Solution Items", "Solution Items", "{06637596-A264-4096-B775-4C3473ECD626}"
	ProjectSection(SolutionItems) = preProject
		README.md = README.md
	EndProjectSection
EndProject
Project("{FAE04EC0-301F-11D3-BF4B-00C04F79EFBC}") = "EmployeeNetCoreApp.Tests", "EmployeeNetCoreApp.Tests\EmployeeNetCoreApp.Tests.csproj", "{251EA0F0-CCAD-44B3-915E-374699D5DD22}"
EndProject
Global
	GlobalSection(SolutionConfigurationPlatforms) = preSolution
		Debug|Any CPU = Debug|Any CPU
		Release|Any CPU = Release|Any CPU
	EndGlobalSection
	GlobalSection(ProjectConfigurationPlatforms) = postSolution
		{C0EB62FD-3D46-4949-9EB8-E7D5BAB8C9C2}.Debug|Any CPU.ActiveCfg = Debug|Any CPU
		{C0EB62FD-3D46-4949-9EB8-E7D5BAB8C9C2}.Debug|Any CPU.Build.0 = Debug|Any CPU
		{C0EB62FD-3D46-4949-9EB8-E7D5BAB8C9C2}.Release|Any CPU.ActiveCfg = Release|Any CPU
		{C0EB62FD-3D46-4949-9EB8-E7D5BAB8C9C2}.Release|Any CPU.Build.0 = Release|Any CPU
		{7AE5398C-4F36-4E1E-AC58-67BCF9A38DE3}.Debug|Any CPU.ActiveCfg = Debug|Any CPU
		{7AE5398C-4F36-4E1E-AC58-67BCF9A38DE3}.Debug|Any CPU.Build.0 = Debug|Any CPU
		{7AE5398C-4F36-4E1E-AC58-67BCF9A38DE3}.Release|Any CPU.ActiveCfg = Release|Any CPU
		{7AE5398C-4F36-4E1E-AC58-67BCF9A38DE3}.Release|Any CPU.Build.0 = Release|Any CPU
		{251EA0F0-CCAD-44B3-915E-374699D5DD22}.Debug|Any CPU.ActiveCfg = Debug|Any CPU
		{251EA0F0-CCAD-44B3-915E-374699D5DD22}.Debug|Any CPU.Build.0 = Debug|Any CPU
		{251EA0F0-CCAD-44B3-915E-374699D5DD22}.Release|Any CPU.ActiveCfg = Release|Any CPU
		{251EA0F0-CCAD-44B3-915E-374699D5DD22}.Release|Any CPU.Build.0 = Release|Any CPU
	EndGlobalSection
	GlobalSection(SolutionProperties) = preSolution
		HideSolutionNode = FALSE
	EndGlobalSection
	GlobalSection(ExtensibilityGlobals) = postSolution
		SolutionGuid = {798CBC42-5A9C-48A6-BD20-61F28C227D88}
	EndGlobalSection
EndGlobal
